// !$*UTF8*$!
{
	archiveVersion = 1;
	classes = {
	};
	objectVersion = 50;
	objects = {

/* Begin PBXBuildFile section */
		9C9DC965238F0FD6002FE38A /* AppDelegate.swift in Sources */ = {isa = PBXBuildFile; fileRef = 9C9DC964238F0FD6002FE38A /* AppDelegate.swift */; };
		9C9DC967238F0FD6002FE38A /* SceneDelegate.swift in Sources */ = {isa = PBXBuildFile; fileRef = 9C9DC966238F0FD6002FE38A /* SceneDelegate.swift */; };
		9C9DC969238F0FD6002FE38A /* ViewController.swift in Sources */ = {isa = PBXBuildFile; fileRef = 9C9DC968238F0FD6002FE38A /* ViewController.swift */; };
		9C9DC96C238F0FD6002FE38A /* Main.storyboard in Resources */ = {isa = PBXBuildFile; fileRef = 9C9DC96A238F0FD6002FE38A /* Main.storyboard */; };
		9C9DC96E238F0FD8002FE38A /* Assets.xcassets in Resources */ = {isa = PBXBuildFile; fileRef = 9C9DC96D238F0FD8002FE38A /* Assets.xcassets */; };
		9C9DC971238F0FD8002FE38A /* LaunchScreen.storyboard in Resources */ = {isa = PBXBuildFile; fileRef = 9C9DC96F238F0FD8002FE38A /* LaunchScreen.storyboard */; };
		9C9DC979238F10CE002FE38A /* PlayerView.swift in Sources */ = {isa = PBXBuildFile; fileRef = 9C9DC978238F10CE002FE38A /* PlayerView.swift */; };
		9C9DC97B238F1133002FE38A /* CustomPlaylistDelegate.swift in Sources */ = {isa = PBXBuildFile; fileRef = 9C9DC97A238F1133002FE38A /* CustomPlaylistDelegate.swift */; };
		DC11A4D317C5A051EDFA8D39 /* libPods-MPEGDASHAVPlayerDemo.a in Frameworks */ = {isa = PBXBuildFile; fileRef = BBF9212AC704754938A54445 /* libPods-MPEGDASHAVPlayerDemo.a */; };
/* End PBXBuildFile section */

/* Begin PBXFileReference section */
		22684231B3F93BA312EC25D7 /* Pods-MPEGDASHAVPlayerDemo.release.xcconfig */ = {isa = PBXFileReference; includeInIndex = 1; lastKnownFileType = text.xcconfig; name = "Pods-MPEGDASHAVPlayerDemo.release.xcconfig"; path = "Target Support Files/Pods-MPEGDASHAVPlayerDemo/Pods-MPEGDASHAVPlayerDemo.release.xcconfig"; sourceTree = "<group>"; };
		9C9DC961238F0FD6002FE38A /* MPEGDASHAVPlayerDemo.app */ = {isa = PBXFileReference; explicitFileType = wrapper.application; includeInIndex = 0; path = MPEGDASHAVPlayerDemo.app; sourceTree = BUILT_PRODUCTS_DIR; };
		9C9DC964238F0FD6002FE38A /* AppDelegate.swift */ = {isa = PBXFileReference; lastKnownFileType = sourcecode.swift; path = AppDelegate.swift; sourceTree = "<group>"; };
		9C9DC966238F0FD6002FE38A /* SceneDelegate.swift */ = {isa = PBXFileReference; lastKnownFileType = sourcecode.swift; path = SceneDelegate.swift; sourceTree = "<group>"; };
		9C9DC968238F0FD6002FE38A /* ViewController.swift */ = {isa = PBXFileReference; lastKnownFileType = sourcecode.swift; path = ViewController.swift; sourceTree = "<group>"; };
		9C9DC96B238F0FD6002FE38A /* Base */ = {isa = PBXFileReference; lastKnownFileType = file.storyboard; name = Base; path = Base.lproj/Main.storyboard; sourceTree = "<group>"; };
		9C9DC96D238F0FD8002FE38A /* Assets.xcassets */ = {isa = PBXFileReference; lastKnownFileType = folder.assetcatalog; path = Assets.xcassets; sourceTree = "<group>"; };
		9C9DC970238F0FD8002FE38A /* Base */ = {isa = PBXFileReference; lastKnownFileType = file.storyboard; name = Base; path = Base.lproj/LaunchScreen.storyboard; sourceTree = "<group>"; };
		9C9DC972238F0FD8002FE38A /* Info.plist */ = {isa = PBXFileReference; lastKnownFileType = text.plist.xml; path = Info.plist; sourceTree = "<group>"; };
		9C9DC978238F10CE002FE38A /* PlayerView.swift */ = {isa = PBXFileReference; lastKnownFileType = sourcecode.swift; path = PlayerView.swift; sourceTree = "<group>"; };
		9C9DC97A238F1133002FE38A /* CustomPlaylistDelegate.swift */ = {isa = PBXFileReference; lastKnownFileType = sourcecode.swift; path = CustomPlaylistDelegate.swift; sourceTree = "<group>"; };
		B6A259D6DD43E40ABD0195B3 /* Pods-MPEGDASHAVPlayerDemo.debug.xcconfig */ = {isa = PBXFileReference; includeInIndex = 1; lastKnownFileType = text.xcconfig; name = "Pods-MPEGDASHAVPlayerDemo.debug.xcconfig"; path = "Target Support Files/Pods-MPEGDASHAVPlayerDemo/Pods-MPEGDASHAVPlayerDemo.debug.xcconfig"; sourceTree = "<group>"; };
		BBF9212AC704754938A54445 /* libPods-MPEGDASHAVPlayerDemo.a */ = {isa = PBXFileReference; explicitFileType = archive.ar; includeInIndex = 0; path = "libPods-MPEGDASHAVPlayerDemo.a"; sourceTree = BUILT_PRODUCTS_DIR; };
/* End PBXFileReference section */

/* Begin PBXFrameworksBuildPhase section */
		9C9DC95E238F0FD5002FE38A /* Frameworks */ = {
			isa = PBXFrameworksBuildPhase;
			buildActionMask = 2147483647;
			files = (
				DC11A4D317C5A051EDFA8D39 /* libPods-MPEGDASHAVPlayerDemo.a in Frameworks */,
			);
			runOnlyForDeploymentPostprocessing = 0;
		};
/* End PBXFrameworksBuildPhase section */

/* Begin PBXGroup section */
		6A43E09A377B9F8D572463D0 /* Pods */ = {
			isa = PBXGroup;
			children = (
				B6A259D6DD43E40ABD0195B3 /* Pods-MPEGDASHAVPlayerDemo.debug.xcconfig */,
				22684231B3F93BA312EC25D7 /* Pods-MPEGDASHAVPlayerDemo.release.xcconfig */,
			);
			path = Pods;
			sourceTree = "<group>";
		};
		94A7C4D3368E603C62217DB6 /* Frameworks */ = {
			isa = PBXGroup;
			children = (
				BBF9212AC704754938A54445 /* libPods-MPEGDASHAVPlayerDemo.a */,
			);
			name = Frameworks;
			sourceTree = "<group>";
		};
		9C9DC958238F0FD5002FE38A = {
			isa = PBXGroup;
			children = (
				9C9DC963238F0FD6002FE38A /* MPEGDASHAVPlayerDemo */,
				9C9DC962238F0FD6002FE38A /* Products */,
				6A43E09A377B9F8D572463D0 /* Pods */,
				94A7C4D3368E603C62217DB6 /* Frameworks */,
			);
			sourceTree = "<group>";
		};
		9C9DC962238F0FD6002FE38A /* Products */ = {
			isa = PBXGroup;
			children = (
				9C9DC961238F0FD6002FE38A /* MPEGDASHAVPlayerDemo.app */,
			);
			name = Products;
			sourceTree = "<group>";
		};
		9C9DC963238F0FD6002FE38A /* MPEGDASHAVPlayerDemo */ = {
			isa = PBXGroup;
			children = (
				9C9DC964238F0FD6002FE38A /* AppDelegate.swift */,
				9C9DC966238F0FD6002FE38A /* SceneDelegate.swift */,
				9C9DC968238F0FD6002FE38A /* ViewController.swift */,
				9C9DC97A238F1133002FE38A /* CustomPlaylistDelegate.swift */,
				9C9DC978238F10CE002FE38A /* PlayerView.swift */,
				9C9DC96A238F0FD6002FE38A /* Main.storyboard */,
				9C9DC96D238F0FD8002FE38A /* Assets.xcassets */,
				9C9DC96F238F0FD8002FE38A /* LaunchScreen.storyboard */,
				9C9DC972238F0FD8002FE38A /* Info.plist */,
			);
			path = MPEGDASHAVPlayerDemo;
			sourceTree = "<group>";
		};
/* End PBXGroup section */

/* Begin PBXNativeTarget section */
		9C9DC960238F0FD5002FE38A /* MPEGDASHAVPlayerDemo */ = {
			isa = PBXNativeTarget;
			buildConfigurationList = 9C9DC975238F0FD8002FE38A /* Build configuration list for PBXNativeTarget "MPEGDASHAVPlayerDemo" */;
			buildPhases = (
				E976CA08FF519654C04AF30E /* [CP] Check Pods Manifest.lock */,
				9C9DC95D238F0FD5002FE38A /* Sources */,
				9C890F252392A9F300E55F53 /* ShellScript */,
				9C9DC95E238F0FD5002FE38A /* Frameworks */,
				9C9DC95F238F0FD5002FE38A /* Resources */,
			);
			buildRules = (
			);
			dependencies = (
			);
			name = MPEGDASHAVPlayerDemo;
			productName = MPEGDASHAVPlayerDemo;
			productReference = 9C9DC961238F0FD6002FE38A /* MPEGDASHAVPlayerDemo.app */;
			productType = "com.apple.product-type.application";
		};
/* End PBXNativeTarget section */

/* Begin PBXProject section */
		9C9DC959238F0FD5002FE38A /* Project object */ = {
			isa = PBXProject;
			attributes = {
				LastSwiftUpdateCheck = 1120;
				LastUpgradeCheck = 1120;
				ORGANIZATIONNAME = "Tomohiro Matsuzawa";
				TargetAttributes = {
					9C9DC960238F0FD5002FE38A = {
						CreatedOnToolsVersion = 11.2.1;
					};
				};
			};
			buildConfigurationList = 9C9DC95C238F0FD5002FE38A /* Build configuration list for PBXProject "MPEGDASHAVPlayerDemo" */;
			compatibilityVersion = "Xcode 9.3";
			developmentRegion = en;
			hasScannedForEncodings = 0;
			knownRegions = (
				en,
				Base,
			);
			mainGroup = 9C9DC958238F0FD5002FE38A;
			productRefGroup = 9C9DC962238F0FD6002FE38A /* Products */;
			projectDirPath = "";
			projectRoot = "";
			targets = (
				9C9DC960238F0FD5002FE38A /* MPEGDASHAVPlayerDemo */,
			);
		};
/* End PBXProject section */

/* Begin PBXResourcesBuildPhase section */
		9C9DC95F238F0FD5002FE38A /* Resources */ = {
			isa = PBXResourcesBuildPhase;
			buildActionMask = 2147483647;
			files = (
				9C9DC971238F0FD8002FE38A /* LaunchScreen.storyboard in Resources */,
				9C9DC96E238F0FD8002FE38A /* Assets.xcassets in Resources */,
				9C9DC96C238F0FD6002FE38A /* Main.storyboard in Resources */,
			);
			runOnlyForDeploymentPostprocessing = 0;
		};
/* End PBXResourcesBuildPhase section */

/* Begin PBXShellScriptBuildPhase section */
		9C890F252392A9F300E55F53 /* ShellScript */ = {
			isa = PBXShellScriptBuildPhase;
			buildActionMask = 2147483647;
			files = (
			);
			inputFileListPaths = (
			);
			inputPaths = (
			);
			outputFileListPaths = (
			);
			outputPaths = (
			);
			runOnlyForDeploymentPostprocessing = 0;
			shellPath = /bin/sh;
			shellScript = "\"${PODS_ROOT}/SwiftLint/swiftlint\"\n";
		};
		E976CA08FF519654C04AF30E /* [CP] Check Pods Manifest.lock */ = {
			isa = PBXShellScriptBuildPhase;
			buildActionMask = 2147483647;
			files = (
			);
			inputFileListPaths = (
			);
			inputPaths = (
				"${PODS_PODFILE_DIR_PATH}/Podfile.lock",
				"${PODS_ROOT}/Manifest.lock",
			);
			name = "[CP] Check Pods Manifest.lock";
			outputFileListPaths = (
			);
			outputPaths = (
				"$(DERIVED_FILE_DIR)/Pods-MPEGDASHAVPlayerDemo-checkManifestLockResult.txt",
			);
			runOnlyForDeploymentPostprocessing = 0;
			shellPath = /bin/sh;
			shellScript = "diff \"${PODS_PODFILE_DIR_PATH}/Podfile.lock\" \"${PODS_ROOT}/Manifest.lock\" > /dev/null\nif [ $? != 0 ] ; then\n    # print error to STDERR\n    echo \"error: The sandbox is not in sync with the Podfile.lock. Run 'pod install' or update your CocoaPods installation.\" >&2\n    exit 1\nfi\n# This output is used by Xcode 'outputs' to avoid re-running this script phase.\necho \"SUCCESS\" > \"${SCRIPT_OUTPUT_FILE_0}\"\n";
			showEnvVarsInLog = 0;
		};
/* End PBXShellScriptBuildPhase section */

/* Begin PBXSourcesBuildPhase section */
		9C9DC95D238F0FD5002FE38A /* Sources */ = {
			isa = PBXSourcesBuildPhase;
			buildActionMask = 2147483647;
			files = (
				9C9DC969238F0FD6002FE38A /* ViewController.swift in Sources */,
				9C9DC965238F0FD6002FE38A /* AppDelegate.swift in Sources */,
				9C9DC97B238F1133002FE38A /* CustomPlaylistDelegate.swift in Sources */,
				9C9DC967238F0FD6002FE38A /* SceneDelegate.swift in Sources */,
				9C9DC979238F10CE002FE38A /* PlayerView.swift in Sources */,
			);
			runOnlyForDeploymentPostprocessing = 0;
		};
/* End PBXSourcesBuildPhase section */

/* Begin PBXVariantGroup section */
		9C9DC96A238F0FD6002FE38A /* Main.storyboard */ = {
			isa = PBXVariantGroup;
			children = (
				9C9DC96B238F0FD6002FE38A /* Base */,
			);
			name = Main.storyboard;
			sourceTree = "<group>";
		};
		9C9DC96F238F0FD8002FE38A /* LaunchScreen.storyboard */ = {
			isa = PBXVariantGroup;
			children = (
				9C9DC970238F0FD8002FE38A /* Base */,
			);
			name = LaunchScreen.storyboard;
			sourceTree = "<group>";
		};
/* End PBXVariantGroup section */

/* Begin XCBuildConfiguration section */
		9C9DC973238F0FD8002FE38A /* Debug */ = {
			isa = XCBuildConfiguration;
			buildSettings = {
				ALWAYS_SEARCH_USER_PATHS = NO;
				CLANG_ANALYZER_NONNULL = YES;
				CLANG_ANALYZER_NUMBER_OBJECT_CONVERSION = YES_AGGRESSIVE;
				CLANG_CXX_LANGUAGE_STANDARD = "gnu++14";
				CLANG_CXX_LIBRARY = "libc++";
				CLANG_ENABLE_MODULES = YES;
				CLANG_ENABLE_OBJC_ARC = YES;
				CLANG_ENABLE_OBJC_WEAK = YES;
				CLANG_WARN_BLOCK_CAPTURE_AUTORELEASING = YES;
				CLANG_WARN_BOOL_CONVERSION = YES;
				CLANG_WARN_COMMA = YES;
				CLANG_WARN_CONSTANT_CONVERSION = YES;
				CLANG_WARN_DEPRECATED_OBJC_IMPLEMENTATIONS = YES;
				CLANG_WARN_DIRECT_OBJC_ISA_USAGE = YES_ERROR;
				CLANG_WARN_DOCUMENTATION_COMMENTS = YES;
				CLANG_WARN_EMPTY_BODY = YES;
				CLANG_WARN_ENUM_CONVERSION = YES;
				CLANG_WARN_INFINITE_RECURSION = YES;
				CLANG_WARN_INT_CONVERSION = YES;
				CLANG_WARN_NON_LITERAL_NULL_CONVERSION = YES;
				CLANG_WARN_OBJC_IMPLICIT_RETAIN_SELF = YES;
				CLANG_WARN_OBJC_LITERAL_CONVERSION = YES;
				CLANG_WARN_OBJC_ROOT_CLASS = YES_ERROR;
				CLANG_WARN_RANGE_LOOP_ANALYSIS = YES;
				CLANG_WARN_STRICT_PROTOTYPES = YES;
				CLANG_WARN_SUSPICIOUS_MOVE = YES;
				CLANG_WARN_UNGUARDED_AVAILABILITY = YES_AGGRESSIVE;
				CLANG_WARN_UNREACHABLE_CODE = YES;
				CLANG_WARN__DUPLICATE_METHOD_MATCH = YES;
				COPY_PHASE_STRIP = NO;
				DEBUG_INFORMATION_FORMAT = dwarf;
				ENABLE_STRICT_OBJC_MSGSEND = YES;
				ENABLE_TESTABILITY = YES;
				GCC_C_LANGUAGE_STANDARD = gnu11;
				GCC_DYNAMIC_NO_PIC = NO;
				GCC_NO_COMMON_BLOCKS = YES;
				GCC_OPTIMIZATION_LEVEL = 0;
				GCC_PREPROCESSOR_DEFINITIONS = (
					"DEBUG=1",
					"$(inherited)",
				);
				GCC_WARN_64_TO_32_BIT_CONVERSION = YES;
				GCC_WARN_ABOUT_RETURN_TYPE = YES_ERROR;
				GCC_WARN_UNDECLARED_SELECTOR = YES;
				GCC_WARN_UNINITIALIZED_AUTOS = YES_AGGRESSIVE;
				GCC_WARN_UNUSED_FUNCTION = YES;
				GCC_WARN_UNUSED_VARIABLE = YES;
				IPHONEOS_DEPLOYMENT_TARGET = 13.2;
				MTL_ENABLE_DEBUG_INFO = INCLUDE_SOURCE;
				MTL_FAST_MATH = YES;
				ONLY_ACTIVE_ARCH = YES;
				SDKROOT = iphoneos;
				SWIFT_ACTIVE_COMPILATION_CONDITIONS = DEBUG;
				SWIFT_OPTIMIZATION_LEVEL = "-Onone";
			};
			name = Debug;
		};
		9C9DC974238F0FD8002FE38A /* Release */ = {
			isa = XCBuildConfiguration;
			buildSettings = {
				ALWAYS_SEARCH_USER_PATHS = NO;
				CLANG_ANALYZER_NONNULL = YES;
				CLANG_ANALYZER_NUMBER_OBJECT_CONVERSION = YES_AGGRESSIVE;
				CLANG_CXX_LANGUAGE_STANDARD = "gnu++14";
				CLANG_CXX_LIBRARY = "libc++";
				CLANG_ENABLE_MODULES = YES;
				CLANG_ENABLE_OBJC_ARC = YES;
				CLANG_ENABLE_OBJC_WEAK = YES;
				CLANG_WARN_BLOCK_CAPTURE_AUTORELEASING = YES;
				CLANG_WARN_BOOL_CONVERSION = YES;
				CLANG_WARN_COMMA = YES;
				CLANG_WARN_CONSTANT_CONVERSION = YES;
				CLANG_WARN_DEPRECATED_OBJC_IMPLEMENTATIONS = YES;
				CLANG_WARN_DIRECT_OBJC_ISA_USAGE = YES_ERROR;
				CLANG_WARN_DOCUMENTATION_COMMENTS = YES;
				CLANG_WARN_EMPTY_BODY = YES;
				CLANG_WARN_ENUM_CONVERSION = YES;
				CLANG_WARN_INFINITE_RECURSION = YES;
				CLANG_WARN_INT_CONVERSION = YES;
				CLANG_WARN_NON_LITERAL_NULL_CONVERSION = YES;
				CLANG_WARN_OBJC_IMPLICIT_RETAIN_SELF = YES;
				CLANG_WARN_OBJC_LITERAL_CONVERSION = YES;
				CLANG_WARN_OBJC_ROOT_CLASS = YES_ERROR;
				CLANG_WARN_RANGE_LOOP_ANALYSIS = YES;
				CLANG_WARN_STRICT_PROTOTYPES = YES;
				CLANG_WARN_SUSPICIOUS_MOVE = YES;
				CLANG_WARN_UNGUARDED_AVAILABILITY = YES_AGGRESSIVE;
				CLANG_WARN_UNREACHABLE_CODE = YES;
				CLANG_WARN__DUPLICATE_METHOD_MATCH = YES;
				COPY_PHASE_STRIP = NO;
				DEBUG_INFORMATION_FORMAT = "dwarf-with-dsym";
				ENABLE_NS_ASSERTIONS = NO;
				ENABLE_STRICT_OBJC_MSGSEND = YES;
				GCC_C_LANGUAGE_STANDARD = gnu11;
				GCC_NO_COMMON_BLOCKS = YES;
				GCC_WARN_64_TO_32_BIT_CONVERSION = YES;
				GCC_WARN_ABOUT_RETURN_TYPE = YES_ERROR;
				GCC_WARN_UNDECLARED_SELECTOR = YES;
				GCC_WARN_UNINITIALIZED_AUTOS = YES_AGGRESSIVE;
				GCC_WARN_UNUSED_FUNCTION = YES;
				GCC_WARN_UNUSED_VARIABLE = YES;
				IPHONEOS_DEPLOYMENT_TARGET = 13.2;
				MTL_ENABLE_DEBUG_INFO = NO;
				MTL_FAST_MATH = YES;
				SDKROOT = iphoneos;
				SWIFT_COMPILATION_MODE = wholemodule;
				SWIFT_OPTIMIZATION_LEVEL = "-O";
				VALIDATE_PRODUCT = YES;
			};
			name = Release;
		};
		9C9DC976238F0FD8002FE38A /* Debug */ = {
			isa = XCBuildConfiguration;
			baseConfigurationReference = B6A259D6DD43E40ABD0195B3 /* Pods-MPEGDASHAVPlayerDemo.debug.xcconfig */;
			buildSettings = {
				ASSETCATALOG_COMPILER_APPICON_NAME = AppIcon;
				CODE_SIGN_STYLE = Automatic;
				INFOPLIST_FILE = MPEGDASHAVPlayerDemo/Info.plist;
				IPHONEOS_DEPLOYMENT_TARGET = 11.0;
				LD_RUNPATH_SEARCH_PATHS = (
					"$(inherited)",
					"@executable_path/Frameworks",
				);
				PRODUCT_BUNDLE_IDENTIFIER = com.matsuzawa.tomohiro.MPEGDASHAVPlayerDemo;
				PRODUCT_NAME = "$(TARGET_NAME)";
				SWIFT_VERSION = 5.0;
				TARGETED_DEVICE_FAMILY = "1,2";
			};
			name = Debug;
		};
		9C9DC977238F0FD8002FE38A /* Release */ = {
			isa = XCBuildConfiguration;
			baseConfigurationReference = 22684231B3F93BA312EC25D7 /* Pods-MPEGDASHAVPlayerDemo.release.xcconfig */;
			buildSettings = {
				ASSETCATALOG_COMPILER_APPICON_NAME = AppIcon;
				CODE_SIGN_STYLE = Automatic;
				INFOPLIST_FILE = MPEGDASHAVPlayerDemo/Info.plist;
				IPHONEOS_DEPLOYMENT_TARGET = 11.0;
				LD_RUNPATH_SEARCH_PATHS = (
					"$(inherited)",
					"@executable_path/Frameworks",
				);
				PRODUCT_BUNDLE_IDENTIFIER = com.matsuzawa.tomohiro.MPEGDASHAVPlayerDemo;
				PRODUCT_NAME = "$(TARGET_NAME)";
				SWIFT_VERSION = 5.0;
				TARGETED_DEVICE_FAMILY = "1,2";
			};
			name = Release;
		};
/* End XCBuildConfiguration section */

/* Begin XCConfigurationList section */
		9C9DC95C238F0FD5002FE38A /* Build configuration list for PBXProject "MPEGDASHAVPlayerDemo" */ = {
			isa = XCConfigurationList;
			buildConfigurations = (
				9C9DC973238F0FD8002FE38A /* Debug */,
				9C9DC974238F0FD8002FE38A /* Release */,
			);
			defaultConfigurationIsVisible = 0;
			defaultConfigurationName = Release;
		};
		9C9DC975238F0FD8002FE38A /* Build configuration list for PBXNativeTarget "MPEGDASHAVPlayerDemo" */ = {
			isa = XCConfigurationList;
			buildConfigurations = (
				9C9DC976238F0FD8002FE38A /* Debug */,
				9C9DC977238F0FD8002FE38A /* Release */,
			);
			defaultConfigurationIsVisible = 0;
			defaultConfigurationName = Release;
		};
/* End XCConfigurationList section */
	};
	rootObject = 9C9DC959238F0FD5002FE38A /* Project object */;
}
